{
  "name": "hyperliquid-example",
  "version": "1.0.0",
  "lockfileVersion": 3,
  "requires": true,
  "packages": {
    "": {
      "name": "hyperliquid-example",
      "version": "1.0.0",
      "dependencies": {
        "opentool": "file:../..",
        "zod": "^4.1.11"
      },
      "devDependencies": {
        "@types/node": "^20.0.0",
        "typescript": "^5.0.0"
      }
    },
    "../..": {
      "version": "0.7.14",
      "license": "MIT",
      "dependencies": {
        "@alcyone-labs/zod-to-json-schema": "^4.0.10",
        "@aws/run-mcp-servers-with-aws-lambda": "^0.2.2",
        "@modelcontextprotocol/sdk": "^1.15.1",
        "@msgpack/msgpack": "^3.1.1",
        "@noble/hashes": "^1.4.0",
        "@turnkey/sdk-server": "4.10.2",
        "@turnkey/viem": "0.14.5",
        "commander": "^11.0.0",
        "dotenv": "^17.2.3",
        "esbuild": "^0.25.0",
        "tsx": "^4.0.0",
        "viem": "^2.31.7",
        "zod": "^4.1.11"
      },
      "bin": {
        "opentool": "dist/cli/index.js"
      },
      "devDependencies": {
        "@changesets/cli": "^2.29.5",
        "@types/node": "^20.0.0",
        "@typescript-eslint/eslint-plugin": "^6.0.0",
        "@typescript-eslint/parser": "^6.0.0",
        "eslint": "^8.0.0",
        "ts-node": "^10.9.2",
        "tsup": "^8.5.0",
        "tsx": "^4.0.0",
        "typescript": "^5.0.0",
        "workflow": "^4.0.1-beta.6"
      },
      "engines": {
        "node": ">=20.0.0"
      },
      "peerDependencies": {
        "@workflow/cli": "^4.0.1-beta.6",
        "typescript": "^5.0.0",
        "workflow": "^4.0.1-beta.6"
      },
      "peerDependenciesMeta": {
        "@workflow/cli": {
          "optional": true
        },
        "workflow": {
          "optional": true
        }
      }
    },
    "node_modules/@types/node": {
      "version": "20.19.25",
      "dev": true,
      "license": "MIT",
      "dependencies": {
        "undici-types": "~6.21.0"
      }
    },
    "node_modules/opentool": {
      "resolved": "../..",
      "link": true
    },
    "node_modules/typescript": {
      "version": "5.9.3",
      "dev": true,
      "license": "Apache-2.0",
      "bin": {
        "tsc": "bin/tsc",
        "tsserver": "bin/tsserver"
      },
      "engines": {
        "node": ">=14.17"
      }
    },
    "node_modules/undici-types": {
      "version": "6.21.0",
      "dev": true,
      "license": "MIT"
    },
    "node_modules/zod": {
      "version": "4.1.13",
      "license": "MIT",
      "funding": {
        "url": "https://github.com/sponsors/colinhacks"
      }
    }
  }
}
